
Microsoft Visual Studio Solution File, Format Version 12.00
# Visual Studio 14
VisualStudioVersion = 14.0.24720.0
MinimumVisualStudioVersion = 10.0.40219.1
Project("{2150E333-8FDC-42A3-9474-1A3956D46DE8}") = "v1", "v1", "{AC7D9940-5F0B-4125-87FD-FDF303FB350B}"
EndProject
Project("{FAE04EC0-301F-11D3-BF4B-00C04F79EFBC}") = "Moosend.API.Client", "v1\Moosend.API.Client.csproj", "{0AE7EE3E-5446-4749-ABAF-5F2FCA577A06}"
EndProject
Project("{2150E333-8FDC-42A3-9474-1A3956D46DE8}") = "v2.1", "v2.1", "{F0143FD5-CE50-4FD9-A6F8-38E84DB8598C}"
EndProject
Project("{FAE04EC0-301F-11D3-BF4B-00C04F79EFBC}") = "Moosend.Api.Client", "v2.1\Moosend.Api.Client\Moosend.Api.Client.csproj", "{CA41C3E8-1FF5-492B-845A-88CCDB69455E}"
EndProject
Project("{FAE04EC0-301F-11D3-BF4B-00C04F79EFBC}") = "Moosend.Api.Common", "v2.1\Moosend.Api.Common\Moosend.Api.Common.csproj", "{85CA653A-16F5-4665-AD6A-267D6C2DD86D}"
EndProject
Project("{FAE04EC0-301F-11D3-BF4B-00C04F79EFBC}") = "Moosend.Api.Tests", "v2.1\Moosend.Api.Tests\Moosend.Api.Tests.csproj", "{87814ED5-B82B-42A9-95C1-9C8A34946438}"
EndProject
Global
	GlobalSection(SolutionConfigurationPlatforms) = preSolution
		Debug|Any CPU = Debug|Any CPU
		Release|Any CPU = Release|Any CPU
	EndGlobalSection
	GlobalSection(ProjectConfigurationPlatforms) = postSolution
		{0AE7EE3E-5446-4749-ABAF-5F2FCA577A06}.Debug|Any CPU.ActiveCfg = Debug|Any CPU
		{0AE7EE3E-5446-4749-ABAF-5F2FCA577A06}.Debug|Any CPU.Build.0 = Debug|Any CPU
		{0AE7EE3E-5446-4749-ABAF-5F2FCA577A06}.Release|Any CPU.ActiveCfg = Release|Any CPU
		{0AE7EE3E-5446-4749-ABAF-5F2FCA577A06}.Release|Any CPU.Build.0 = Release|Any CPU
		{CA41C3E8-1FF5-492B-845A-88CCDB69455E}.Debug|Any CPU.ActiveCfg = Debug|Any CPU
		{CA41C3E8-1FF5-492B-845A-88CCDB69455E}.Debug|Any CPU.Build.0 = Debug|Any CPU
		{CA41C3E8-1FF5-492B-845A-88CCDB69455E}.Release|Any CPU.ActiveCfg = Release|Any CPU
		{CA41C3E8-1FF5-492B-845A-88CCDB69455E}.Release|Any CPU.Build.0 = Release|Any CPU
		{85CA653A-16F5-4665-AD6A-267D6C2DD86D}.Debug|Any CPU.ActiveCfg = Debug|Any CPU
		{85CA653A-16F5-4665-AD6A-267D6C2DD86D}.Debug|Any CPU.Build.0 = Debug|Any CPU
		{85CA653A-16F5-4665-AD6A-267D6C2DD86D}.Release|Any CPU.ActiveCfg = Release|Any CPU
		{85CA653A-16F5-4665-AD6A-267D6C2DD86D}.Release|Any CPU.Build.0 = Release|Any CPU
		{87814ED5-B82B-42A9-95C1-9C8A34946438}.Debug|Any CPU.ActiveCfg = Debug|Any CPU
		{87814ED5-B82B-42A9-95C1-9C8A34946438}.Debug|Any CPU.Build.0 = Debug|Any CPU
		{87814ED5-B82B-42A9-95C1-9C8A34946438}.Release|Any CPU.ActiveCfg = Release|Any CPU
		{87814ED5-B82B-42A9-95C1-9C8A34946438}.Release|Any CPU.Build.0 = Release|Any CPU
	EndGlobalSection
	GlobalSection(SolutionProperties) = preSolution
		HideSolutionNode = FALSE
	EndGlobalSection
	GlobalSection(NestedProjects) = preSolution
		{0AE7EE3E-5446-4749-ABAF-5F2FCA577A06} = {AC7D9940-5F0B-4125-87FD-FDF303FB350B}
		{CA41C3E8-1FF5-492B-845A-88CCDB69455E} = {F0143FD5-CE50-4FD9-A6F8-38E84DB8598C}
		{85CA653A-16F5-4665-AD6A-267D6C2DD86D} = {F0143FD5-CE50-4FD9-A6F8-38E84DB8598C}
		{87814ED5-B82B-42A9-95C1-9C8A34946438} = {F0143FD5-CE50-4FD9-A6F8-38E84DB8598C}
	EndGlobalSection
EndGlobal
