
Microsoft Visual Studio Solution File, Format Version 12.00
# Visual Studio 14
VisualStudioVersion = 14.0.24720.0
MinimumVisualStudioVersion = 10.0.40219.1
Project("{2150E333-8FDC-42A3-9474-1A3956D46DE8}") = "v1", "v1", "{AC7D9940-5F0B-4125-87FD-FDF303FB350B}"
EndProject
Project("{FAE04EC0-301F-11D3-BF4B-00C04F79EFBC}") = "Moosend.API.Client", "v1\Moosend.API.Client.csproj", "{0AE7EE3E-5446-4749-ABAF-5F2FCA577A06}"
EndProject
Global
	GlobalSection(SolutionConfigurationPlatforms) = preSolution
		Debug|Any CPU = Debug|Any CPU
		Release|Any CPU = Release|Any CPU
	EndGlobalSection
	GlobalSection(ProjectConfigurationPlatforms) = postSolution
		{0AE7EE3E-5446-4749-ABAF-5F2FCA577A06}.Debug|Any CPU.ActiveCfg = Debug|Any CPU
		{0AE7EE3E-5446-4749-ABAF-5F2FCA577A06}.Debug|Any CPU.Build.0 = Debug|Any CPU
		{0AE7EE3E-5446-4749-ABAF-5F2FCA577A06}.Release|Any CPU.ActiveCfg = Release|Any CPU
		{0AE7EE3E-5446-4749-ABAF-5F2FCA577A06}.Release|Any CPU.Build.0 = Release|Any CPU
	EndGlobalSection
	GlobalSection(SolutionProperties) = preSolution
		HideSolutionNode = FALSE
	EndGlobalSection
	GlobalSection(NestedProjects) = preSolution
		{0AE7EE3E-5446-4749-ABAF-5F2FCA577A06} = {AC7D9940-5F0B-4125-87FD-FDF303FB350B}
	EndGlobalSection
EndGlobal
